
Microsoft Visual Studio Solution File, Format Version 12.00
# Visual Studio 14
VisualStudioVersion = 14.0.25420.1
MinimumVisualStudioVersion = 10.0.40219.1
Project("{FAE04EC0-301F-11D3-BF4B-00C04F79EFBC}") = "DistributedAlgoritmsClassLibrary", "DistributedAlgoritmsClassLibrary\DistributedAlgoritmsClassLibrary.csproj", "{C9866E0E-B986-46B0-A80B-45F8971B29C7}"
EndProject
Project("{FAE04EC0-301F-11D3-BF4B-00C04F79EFBC}") = "TestingConsoleApplication", "TestingConsoleApplication\TestingConsoleApplication.csproj", "{9FDA9DEE-1CAF-4640-B71D-CD1DC3C2FD76}"
EndProject
Project("{FAE04EC0-301F-11D3-BF4B-00C04F79EFBC}") = "LoggingClassLibrary", "LoggingClassLibrary\LoggingClassLibrary.csproj", "{B3C05B35-5973-4B7D-B16C-D77252BF7AD4}"
EndProject
Project("{FAE04EC0-301F-11D3-BF4B-00C04F79EFBC}") = "SecondaryConsoleApplication", "SecondaryConsoleApplication\SecondaryConsoleApplication.csproj", "{4889FE8E-13AC-48FF-80BB-989EE3D791E0}"
EndProject
Global
	GlobalSection(SolutionConfigurationPlatforms) = preSolution
		Debug|Any CPU = Debug|Any CPU
		Release|Any CPU = Release|Any CPU
	EndGlobalSection
	GlobalSection(ProjectConfigurationPlatforms) = postSolution
		{C9866E0E-B986-46B0-A80B-45F8971B29C7}.Debug|Any CPU.ActiveCfg = Debug|Any CPU
		{C9866E0E-B986-46B0-A80B-45F8971B29C7}.Debug|Any CPU.Build.0 = Debug|Any CPU
		{C9866E0E-B986-46B0-A80B-45F8971B29C7}.Release|Any CPU.ActiveCfg = Release|Any CPU
		{C9866E0E-B986-46B0-A80B-45F8971B29C7}.Release|Any CPU.Build.0 = Release|Any CPU
		{9FDA9DEE-1CAF-4640-B71D-CD1DC3C2FD76}.Debug|Any CPU.ActiveCfg = Debug|Any CPU
		{9FDA9DEE-1CAF-4640-B71D-CD1DC3C2FD76}.Debug|Any CPU.Build.0 = Debug|Any CPU
		{9FDA9DEE-1CAF-4640-B71D-CD1DC3C2FD76}.Release|Any CPU.ActiveCfg = Release|Any CPU
		{9FDA9DEE-1CAF-4640-B71D-CD1DC3C2FD76}.Release|Any CPU.Build.0 = Release|Any CPU
		{B3C05B35-5973-4B7D-B16C-D77252BF7AD4}.Debug|Any CPU.ActiveCfg = Debug|Any CPU
		{B3C05B35-5973-4B7D-B16C-D77252BF7AD4}.Debug|Any CPU.Build.0 = Debug|Any CPU
		{B3C05B35-5973-4B7D-B16C-D77252BF7AD4}.Release|Any CPU.ActiveCfg = Release|Any CPU
		{B3C05B35-5973-4B7D-B16C-D77252BF7AD4}.Release|Any CPU.Build.0 = Release|Any CPU
		{4889FE8E-13AC-48FF-80BB-989EE3D791E0}.Debug|Any CPU.ActiveCfg = Debug|Any CPU
		{4889FE8E-13AC-48FF-80BB-989EE3D791E0}.Debug|Any CPU.Build.0 = Debug|Any CPU
		{4889FE8E-13AC-48FF-80BB-989EE3D791E0}.Release|Any CPU.ActiveCfg = Release|Any CPU
		{4889FE8E-13AC-48FF-80BB-989EE3D791E0}.Release|Any CPU.Build.0 = Release|Any CPU
	EndGlobalSection
	GlobalSection(SolutionProperties) = preSolution
		HideSolutionNode = FALSE
	EndGlobalSection
EndGlobal
