
Microsoft Visual Studio Solution File, Format Version 12.00
# Visual Studio 14
VisualStudioVersion = 14.0.25420.1
MinimumVisualStudioVersion = 10.0.40219.1
Project("{FAE04EC0-301F-11D3-BF4B-00C04F79EFBC}") = "DistributedAlgoritmsClassLibrary", "DistributedAlgoritmsClassLibrary\DistributedAlgoritmsClassLibrary.csproj", "{C9866E0E-B986-46B0-A80B-45F8971B29C7}"
EndProject
Project("{FAE04EC0-301F-11D3-BF4B-00C04F79EFBC}") = "TestingConsoleApplication", "TestingConsoleApplication\TestingConsoleApplication.csproj", "{9FDA9DEE-1CAF-4640-B71D-CD1DC3C2FD76}"
EndProject
Project("{FAE04EC0-301F-11D3-BF4B-00C04F79EFBC}") = "LoggingClassLibrary", "LoggingClassLibrary\LoggingClassLibrary.csproj", "{B3C05B35-5973-4B7D-B16C-D77252BF7AD4}"
EndProject
Project("{FAE04EC0-301F-11D3-BF4B-00C04F79EFBC}") = "SecondaryConsoleApplication", "SecondaryConsoleApplication\SecondaryConsoleApplication.csproj", "{4889FE8E-13AC-48FF-80BB-989EE3D791E0}"
EndProject
Project("{FAE04EC0-301F-11D3-BF4B-00C04F79EFBC}") = "PuppetMasterApplication", "PuppetMasterApplication\PuppetMasterApplication.csproj", "{70CD1EF9-F11D-4341-B459-319BEE583855}"
EndProject
Project("{FAE04EC0-301F-11D3-BF4B-00C04F79EFBC}") = "OperatorApplication", "OperatorApplication\OperatorApplication.csproj", "{5158F507-7F3C-48E5-978E-6DF75D750464}"
	ProjectSection(ProjectDependencies) = postProject
		{F3865353-6943-47EB-895E-93D1ECBE94D7} = {F3865353-6943-47EB-895E-93D1ECBE94D7}
	EndProjectSection
EndProject
Project("{FAE04EC0-301F-11D3-BF4B-00C04F79EFBC}") = "ProcessCreationServiceApplication", "ProcessCreationServiceApplication\ProcessCreationServiceApplication.csproj", "{01A83F12-7A09-4C42-8164-D0FD28F8AD5D}"
EndProject
Project("{FAE04EC0-301F-11D3-BF4B-00C04F79EFBC}") = "CommonTypesLibrary", "CommonTypesLibrary\CommonTypesLibrary.csproj", "{8AA90885-C630-4770-814C-1C03726936D4}"
EndProject
Project("{FAE04EC0-301F-11D3-BF4B-00C04F79EFBC}") = "CustomOperatorExamplaes", "CustomOperatorExamplaes\CustomOperatorExamplaes.csproj", "{F3865353-6943-47EB-895E-93D1ECBE94D7}"
EndProject
Global
	GlobalSection(SolutionConfigurationPlatforms) = preSolution
		Debug|Any CPU = Debug|Any CPU
		Release|Any CPU = Release|Any CPU
	EndGlobalSection
	GlobalSection(ProjectConfigurationPlatforms) = postSolution
		{C9866E0E-B986-46B0-A80B-45F8971B29C7}.Debug|Any CPU.ActiveCfg = Debug|Any CPU
		{C9866E0E-B986-46B0-A80B-45F8971B29C7}.Debug|Any CPU.Build.0 = Debug|Any CPU
		{C9866E0E-B986-46B0-A80B-45F8971B29C7}.Release|Any CPU.ActiveCfg = Release|Any CPU
		{C9866E0E-B986-46B0-A80B-45F8971B29C7}.Release|Any CPU.Build.0 = Release|Any CPU
		{9FDA9DEE-1CAF-4640-B71D-CD1DC3C2FD76}.Debug|Any CPU.ActiveCfg = Debug|Any CPU
		{9FDA9DEE-1CAF-4640-B71D-CD1DC3C2FD76}.Debug|Any CPU.Build.0 = Debug|Any CPU
		{9FDA9DEE-1CAF-4640-B71D-CD1DC3C2FD76}.Release|Any CPU.ActiveCfg = Release|Any CPU
		{9FDA9DEE-1CAF-4640-B71D-CD1DC3C2FD76}.Release|Any CPU.Build.0 = Release|Any CPU
		{B3C05B35-5973-4B7D-B16C-D77252BF7AD4}.Debug|Any CPU.ActiveCfg = Debug|Any CPU
		{B3C05B35-5973-4B7D-B16C-D77252BF7AD4}.Debug|Any CPU.Build.0 = Debug|Any CPU
		{B3C05B35-5973-4B7D-B16C-D77252BF7AD4}.Release|Any CPU.ActiveCfg = Release|Any CPU
		{B3C05B35-5973-4B7D-B16C-D77252BF7AD4}.Release|Any CPU.Build.0 = Release|Any CPU
		{4889FE8E-13AC-48FF-80BB-989EE3D791E0}.Debug|Any CPU.ActiveCfg = Debug|Any CPU
		{4889FE8E-13AC-48FF-80BB-989EE3D791E0}.Debug|Any CPU.Build.0 = Debug|Any CPU
		{4889FE8E-13AC-48FF-80BB-989EE3D791E0}.Release|Any CPU.ActiveCfg = Release|Any CPU
		{4889FE8E-13AC-48FF-80BB-989EE3D791E0}.Release|Any CPU.Build.0 = Release|Any CPU
		{70CD1EF9-F11D-4341-B459-319BEE583855}.Debug|Any CPU.ActiveCfg = Debug|Any CPU
		{70CD1EF9-F11D-4341-B459-319BEE583855}.Debug|Any CPU.Build.0 = Debug|Any CPU
		{70CD1EF9-F11D-4341-B459-319BEE583855}.Release|Any CPU.ActiveCfg = Release|Any CPU
		{70CD1EF9-F11D-4341-B459-319BEE583855}.Release|Any CPU.Build.0 = Release|Any CPU
		{5158F507-7F3C-48E5-978E-6DF75D750464}.Debug|Any CPU.ActiveCfg = Debug|Any CPU
		{5158F507-7F3C-48E5-978E-6DF75D750464}.Debug|Any CPU.Build.0 = Debug|Any CPU
		{5158F507-7F3C-48E5-978E-6DF75D750464}.Release|Any CPU.ActiveCfg = Release|Any CPU
		{5158F507-7F3C-48E5-978E-6DF75D750464}.Release|Any CPU.Build.0 = Release|Any CPU
		{01A83F12-7A09-4C42-8164-D0FD28F8AD5D}.Debug|Any CPU.ActiveCfg = Debug|Any CPU
		{01A83F12-7A09-4C42-8164-D0FD28F8AD5D}.Debug|Any CPU.Build.0 = Debug|Any CPU
		{01A83F12-7A09-4C42-8164-D0FD28F8AD5D}.Release|Any CPU.ActiveCfg = Release|Any CPU
		{01A83F12-7A09-4C42-8164-D0FD28F8AD5D}.Release|Any CPU.Build.0 = Release|Any CPU
		{8AA90885-C630-4770-814C-1C03726936D4}.Debug|Any CPU.ActiveCfg = Debug|Any CPU
		{8AA90885-C630-4770-814C-1C03726936D4}.Debug|Any CPU.Build.0 = Debug|Any CPU
		{8AA90885-C630-4770-814C-1C03726936D4}.Release|Any CPU.ActiveCfg = Release|Any CPU
		{8AA90885-C630-4770-814C-1C03726936D4}.Release|Any CPU.Build.0 = Release|Any CPU
		{F3865353-6943-47EB-895E-93D1ECBE94D7}.Debug|Any CPU.ActiveCfg = Debug|Any CPU
		{F3865353-6943-47EB-895E-93D1ECBE94D7}.Debug|Any CPU.Build.0 = Debug|Any CPU
		{F3865353-6943-47EB-895E-93D1ECBE94D7}.Release|Any CPU.ActiveCfg = Release|Any CPU
		{F3865353-6943-47EB-895E-93D1ECBE94D7}.Release|Any CPU.Build.0 = Release|Any CPU
	EndGlobalSection
	GlobalSection(SolutionProperties) = preSolution
		HideSolutionNode = FALSE
	EndGlobalSection
EndGlobal
